// !$*UTF8*$!
{
	archiveVersion = 1;
	classes = {
	};
	objectVersion = 46;
	objects = {

/* Begin PBXBuildFile section */
		4FD7CDEC1E4E58A4006F142A /* AppDelegate.swift in Sources */ = {isa = PBXBuildFile; fileRef = 4FD7CDEB1E4E58A4006F142A /* AppDelegate.swift */; };
		4FD7CDEE1E4E58A4006F142A /* ViewController.swift in Sources */ = {isa = PBXBuildFile; fileRef = 4FD7CDED1E4E58A4006F142A /* ViewController.swift */; };
		4FD7CDF11E4E58A4006F142A /* Main.storyboard in Resources */ = {isa = PBXBuildFile; fileRef = 4FD7CDEF1E4E58A4006F142A /* Main.storyboard */; };
		4FD7CDF41E4E58A4006F142A /* s05DreamLister.xcdatamodeld in Sources */ = {isa = PBXBuildFile; fileRef = 4FD7CDF21E4E58A4006F142A /* s05DreamLister.xcdatamodeld */; };
		4FD7CDF61E4E58A4006F142A /* Assets.xcassets in Resources */ = {isa = PBXBuildFile; fileRef = 4FD7CDF51E4E58A4006F142A /* Assets.xcassets */; };
		4FD7CDF91E4E58A4006F142A /* LaunchScreen.storyboard in Resources */ = {isa = PBXBuildFile; fileRef = 4FD7CDF71E4E58A4006F142A /* LaunchScreen.storyboard */; };
/* End PBXBuildFile section */

/* Begin PBXFileReference section */
		4FD7CDE81E4E58A4006F142A /* s05DreamLister.app */ = {isa = PBXFileReference; explicitFileType = wrapper.application; includeInIndex = 0; path = s05DreamLister.app; sourceTree = BUILT_PRODUCTS_DIR; };
		4FD7CDEB1E4E58A4006F142A /* AppDelegate.swift */ = {isa = PBXFileReference; lastKnownFileType = sourcecode.swift; path = AppDelegate.swift; sourceTree = "<group>"; };
		4FD7CDED1E4E58A4006F142A /* ViewController.swift */ = {isa = PBXFileReference; lastKnownFileType = sourcecode.swift; path = ViewController.swift; sourceTree = "<group>"; };
		4FD7CDF01E4E58A4006F142A /* Base */ = {isa = PBXFileReference; lastKnownFileType = file.storyboard; name = Base; path = Base.lproj/Main.storyboard; sourceTree = "<group>"; };
		4FD7CDF31E4E58A4006F142A /* s05DreamLister.xcdatamodel */ = {isa = PBXFileReference; lastKnownFileType = wrapper.xcdatamodel; path = s05DreamLister.xcdatamodel; sourceTree = "<group>"; };
		4FD7CDF51E4E58A4006F142A /* Assets.xcassets */ = {isa = PBXFileReference; lastKnownFileType = folder.assetcatalog; path = Assets.xcassets; sourceTree = "<group>"; };
		4FD7CDF81E4E58A4006F142A /* Base */ = {isa = PBXFileReference; lastKnownFileType = file.storyboard; name = Base; path = Base.lproj/LaunchScreen.storyboard; sourceTree = "<group>"; };
		4FD7CDFA1E4E58A4006F142A /* Info.plist */ = {isa = PBXFileReference; lastKnownFileType = text.plist.xml; path = Info.plist; sourceTree = "<group>"; };
/* End PBXFileReference section */

/* Begin PBXFrameworksBuildPhase section */
		4FD7CDE51E4E58A4006F142A /* Frameworks */ = {
			isa = PBXFrameworksBuildPhase;
			buildActionMask = 2147483647;
			files = (
			);
			runOnlyForDeploymentPostprocessing = 0;
		};
/* End PBXFrameworksBuildPhase section */

/* Begin PBXGroup section */
		4FD7CDDF1E4E58A4006F142A = {
			isa = PBXGroup;
			children = (
				4FD7CDEA1E4E58A4006F142A /* s05DreamLister */,
				4FD7CDE91E4E58A4006F142A /* Products */,
			);
			sourceTree = "<group>";
		};
		4FD7CDE91E4E58A4006F142A /* Products */ = {
			isa = PBXGroup;
			children = (
				4FD7CDE81E4E58A4006F142A /* s05DreamLister.app */,
			);
			name = Products;
			sourceTree = "<group>";
		};
		4FD7CDEA1E4E58A4006F142A /* s05DreamLister */ = {
			isa = PBXGroup;
			children = (
				4FD7CE021E4E5908006F142A /* Model */,
				4FD7CE011E4E5903006F142A /* View */,
				4FD7CE001E4E58FA006F142A /* Controller */,
				4FD7CDF51E4E58A4006F142A /* Assets.xcassets */,
				4FD7CDFA1E4E58A4006F142A /* Info.plist */,
			);
			path = s05DreamLister;
			sourceTree = "<group>";
		};
		4FD7CE001E4E58FA006F142A /* Controller */ = {
			isa = PBXGroup;
			children = (
				4FD7CDEB1E4E58A4006F142A /* AppDelegate.swift */,
				4FD7CDED1E4E58A4006F142A /* ViewController.swift */,
			);
			name = Controller;
			sourceTree = "<group>";
		};
		4FD7CE011E4E5903006F142A /* View */ = {
			isa = PBXGroup;
			children = (
				4FD7CDEF1E4E58A4006F142A /* Main.storyboard */,
				4FD7CDF71E4E58A4006F142A /* LaunchScreen.storyboard */,
			);
			name = View;
			sourceTree = "<group>";
		};
		4FD7CE021E4E5908006F142A /* Model */ = {
			isa = PBXGroup;
			children = (
				4FD7CDF21E4E58A4006F142A /* s05DreamLister.xcdatamodeld */,
			);
			name = Model;
			sourceTree = "<group>";
		};
/* End PBXGroup section */

/* Begin PBXNativeTarget section */
		4FD7CDE71E4E58A4006F142A /* s05DreamLister */ = {
			isa = PBXNativeTarget;
			buildConfigurationList = 4FD7CDFD1E4E58A4006F142A /* Build configuration list for PBXNativeTarget "s05DreamLister" */;
			buildPhases = (
				4FD7CDE41E4E58A4006F142A /* Sources */,
				4FD7CDE51E4E58A4006F142A /* Frameworks */,
				4FD7CDE61E4E58A4006F142A /* Resources */,
			);
			buildRules = (
			);
			dependencies = (
			);
			name = s05DreamLister;
			productName = s05DreamLister;
			productReference = 4FD7CDE81E4E58A4006F142A /* s05DreamLister.app */;
			productType = "com.apple.product-type.application";
		};
/* End PBXNativeTarget section */

/* Begin PBXProject section */
		4FD7CDE01E4E58A4006F142A /* Project object */ = {
			isa = PBXProject;
			attributes = {
				LastSwiftUpdateCheck = 0810;
				LastUpgradeCheck = 0810;
				ORGANIZATIONNAME = "Bernadette P";
				TargetAttributes = {
					4FD7CDE71E4E58A4006F142A = {
						CreatedOnToolsVersion = 8.1;
						ProvisioningStyle = Automatic;
					};
				};
			};
			buildConfigurationList = 4FD7CDE31E4E58A4006F142A /* Build configuration list for PBXProject "s05DreamLister" */;
			compatibilityVersion = "Xcode 3.2";
			developmentRegion = English;
			hasScannedForEncodings = 0;
			knownRegions = (
				en,
				Base,
			);
			mainGroup = 4FD7CDDF1E4E58A4006F142A;
			productRefGroup = 4FD7CDE91E4E58A4006F142A /* Products */;
			projectDirPath = "";
			projectRoot = "";
			targets = (
				4FD7CDE71E4E58A4006F142A /* s05DreamLister */,
			);
		};
/* End PBXProject section */

/* Begin PBXResourcesBuildPhase section */
		4FD7CDE61E4E58A4006F142A /* Resources */ = {
			isa = PBXResourcesBuildPhase;
			buildActionMask = 2147483647;
			files = (
				4FD7CDF91E4E58A4006F142A /* LaunchScreen.storyboard in Resources */,
				4FD7CDF61E4E58A4006F142A /* Assets.xcassets in Resources */,
				4FD7CDF11E4E58A4006F142A /* Main.storyboard in Resources */,
			);
			runOnlyForDeploymentPostprocessing = 0;
		};
/* End PBXResourcesBuildPhase section */

/* Begin PBXSourcesBuildPhase section */
		4FD7CDE41E4E58A4006F142A /* Sources */ = {
			isa = PBXSourcesBuildPhase;
			buildActionMask = 2147483647;
			files = (
				4FD7CDEE1E4E58A4006F142A /* ViewController.swift in Sources */,
				4FD7CDEC1E4E58A4006F142A /* AppDelegate.swift in Sources */,
				4FD7CDF41E4E58A4006F142A /* s05DreamLister.xcdatamodeld in Sources */,
			);
			runOnlyForDeploymentPostprocessing = 0;
		};
/* End PBXSourcesBuildPhase section */

/* Begin PBXVariantGroup section */
		4FD7CDEF1E4E58A4006F142A /* Main.storyboard */ = {
			isa = PBXVariantGroup;
			children = (
				4FD7CDF01E4E58A4006F142A /* Base */,
			);
			name = Main.storyboard;
			sourceTree = "<group>";
		};
		4FD7CDF71E4E58A4006F142A /* LaunchScreen.storyboard */ = {
			isa = PBXVariantGroup;
			children = (
				4FD7CDF81E4E58A4006F142A /* Base */,
			);
			name = LaunchScreen.storyboard;
			sourceTree = "<group>";
		};
/* End PBXVariantGroup section */

/* Begin XCBuildConfiguration section */
		4FD7CDFB1E4E58A4006F142A /* Debug */ = {
			isa = XCBuildConfiguration;
			buildSettings = {
				ALWAYS_SEARCH_USER_PATHS = NO;
				CLANG_ANALYZER_NONNULL = YES;
				CLANG_CXX_LANGUAGE_STANDARD = "gnu++0x";
				CLANG_CXX_LIBRARY = "libc++";
				CLANG_ENABLE_MODULES = YES;
				CLANG_ENABLE_OBJC_ARC = YES;
				CLANG_WARN_BOOL_CONVERSION = YES;
				CLANG_WARN_CONSTANT_CONVERSION = YES;
				CLANG_WARN_DIRECT_OBJC_ISA_USAGE = YES_ERROR;
				CLANG_WARN_DOCUMENTATION_COMMENTS = YES;
				CLANG_WARN_EMPTY_BODY = YES;
				CLANG_WARN_ENUM_CONVERSION = YES;
				CLANG_WARN_INFINITE_RECURSION = YES;
				CLANG_WARN_INT_CONVERSION = YES;
				CLANG_WARN_OBJC_ROOT_CLASS = YES_ERROR;
				CLANG_WARN_SUSPICIOUS_MOVES = YES;
				CLANG_WARN_UNREACHABLE_CODE = YES;
				CLANG_WARN__DUPLICATE_METHOD_MATCH = YES;
				"CODE_SIGN_IDENTITY[sdk=iphoneos*]" = "iPhone Developer";
				COPY_PHASE_STRIP = NO;
				DEBUG_INFORMATION_FORMAT = dwarf;
				ENABLE_STRICT_OBJC_MSGSEND = YES;
				ENABLE_TESTABILITY = YES;
				GCC_C_LANGUAGE_STANDARD = gnu99;
				GCC_DYNAMIC_NO_PIC = NO;
				GCC_NO_COMMON_BLOCKS = YES;
				GCC_OPTIMIZATION_LEVEL = 0;
				GCC_PREPROCESSOR_DEFINITIONS = (
					"DEBUG=1",
					"$(inherited)",
				);
				GCC_WARN_64_TO_32_BIT_CONVERSION = YES;
				GCC_WARN_ABOUT_RETURN_TYPE = YES_ERROR;
				GCC_WARN_UNDECLARED_SELECTOR = YES;
				GCC_WARN_UNINITIALIZED_AUTOS = YES_AGGRESSIVE;
				GCC_WARN_UNUSED_FUNCTION = YES;
				GCC_WARN_UNUSED_VARIABLE = YES;
				IPHONEOS_DEPLOYMENT_TARGET = 10.1;
				MTL_ENABLE_DEBUG_INFO = YES;
				ONLY_ACTIVE_ARCH = YES;
				SDKROOT = iphoneos;
				SWIFT_ACTIVE_COMPILATION_CONDITIONS = DEBUG;
				SWIFT_OPTIMIZATION_LEVEL = "-Onone";
				TARGETED_DEVICE_FAMILY = "1,2";
			};
			name = Debug;
		};
		4FD7CDFC1E4E58A4006F142A /* Release */ = {
			isa = XCBuildConfiguration;
			buildSettings = {
				ALWAYS_SEARCH_USER_PATHS = NO;
				CLANG_ANALYZER_NONNULL = YES;
				CLANG_CXX_LANGUAGE_STANDARD = "gnu++0x";
				CLANG_CXX_LIBRARY = "libc++";
				CLANG_ENABLE_MODULES = YES;
				CLANG_ENABLE_OBJC_ARC = YES;
				CLANG_WARN_BOOL_CONVERSION = YES;
				CLANG_WARN_CONSTANT_CONVERSION = YES;
				CLANG_WARN_DIRECT_OBJC_ISA_USAGE = YES_ERROR;
				CLANG_WARN_DOCUMENTATION_COMMENTS = YES;
				CLANG_WARN_EMPTY_BODY = YES;
				CLANG_WARN_ENUM_CONVERSION = YES;
				CLANG_WARN_INFINITE_RECURSION = YES;
				CLANG_WARN_INT_CONVERSION = YES;
				CLANG_WARN_OBJC_ROOT_CLASS = YES_ERROR;
				CLANG_WARN_SUSPICIOUS_MOVES = YES;
				CLANG_WARN_UNREACHABLE_CODE = YES;
				CLANG_WARN__DUPLICATE_METHOD_MATCH = YES;
				"CODE_SIGN_IDENTITY[sdk=iphoneos*]" = "iPhone Developer";
				COPY_PHASE_STRIP = NO;
				DEBUG_INFORMATION_FORMAT = "dwarf-with-dsym";
				ENABLE_NS_ASSERTIONS = NO;
				ENABLE_STRICT_OBJC_MSGSEND = YES;
				GCC_C_LANGUAGE_STANDARD = gnu99;
				GCC_NO_COMMON_BLOCKS = YES;
				GCC_WARN_64_TO_32_BIT_CONVERSION = YES;
				GCC_WARN_ABOUT_RETURN_TYPE = YES_ERROR;
				GCC_WARN_UNDECLARED_SELECTOR = YES;
				GCC_WARN_UNINITIALIZED_AUTOS = YES_AGGRESSIVE;
				GCC_WARN_UNUSED_FUNCTION = YES;
				GCC_WARN_UNUSED_VARIABLE = YES;
				IPHONEOS_DEPLOYMENT_TARGET = 10.1;
				MTL_ENABLE_DEBUG_INFO = NO;
				SDKROOT = iphoneos;
				SWIFT_OPTIMIZATION_LEVEL = "-Owholemodule";
				TARGETED_DEVICE_FAMILY = "1,2";
				VALIDATE_PRODUCT = YES;
			};
			name = Release;
		};
		4FD7CDFE1E4E58A4006F142A /* Debug */ = {
			isa = XCBuildConfiguration;
			buildSettings = {
				ASSETCATALOG_COMPILER_APPICON_NAME = AppIcon;
				INFOPLIST_FILE = s05DreamLister/Info.plist;
				LD_RUNPATH_SEARCH_PATHS = "$(inherited) @executable_path/Frameworks";
				PRODUCT_BUNDLE_IDENTIFIER = com.planabernadette.s05DreamLister;
				PRODUCT_NAME = "$(TARGET_NAME)";
				SWIFT_VERSION = 3.0;
			};
			name = Debug;
		};
		4FD7CDFF1E4E58A4006F142A /* Release */ = {
			isa = XCBuildConfiguration;
			buildSettings = {
				ASSETCATALOG_COMPILER_APPICON_NAME = AppIcon;
				INFOPLIST_FILE = s05DreamLister/Info.plist;
				LD_RUNPATH_SEARCH_PATHS = "$(inherited) @executable_path/Frameworks";
				PRODUCT_BUNDLE_IDENTIFIER = com.planabernadette.s05DreamLister;
				PRODUCT_NAME = "$(TARGET_NAME)";
				SWIFT_VERSION = 3.0;
			};
			name = Release;
		};
/* End XCBuildConfiguration section */

/* Begin XCConfigurationList section */
		4FD7CDE31E4E58A4006F142A /* Build configuration list for PBXProject "s05DreamLister" */ = {
			isa = XCConfigurationList;
			buildConfigurations = (
				4FD7CDFB1E4E58A4006F142A /* Debug */,
				4FD7CDFC1E4E58A4006F142A /* Release */,
			);
			defaultConfigurationIsVisible = 0;
			defaultConfigurationName = Release;
		};
		4FD7CDFD1E4E58A4006F142A /* Build configuration list for PBXNativeTarget "s05DreamLister" */ = {
			isa = XCConfigurationList;
			buildConfigurations = (
				4FD7CDFE1E4E58A4006F142A /* Debug */,
				4FD7CDFF1E4E58A4006F142A /* Release */,
			);
			defaultConfigurationIsVisible = 0;
		};
/* End XCConfigurationList section */

/* Begin XCVersionGroup section */
		4FD7CDF21E4E58A4006F142A /* s05DreamLister.xcdatamodeld */ = {
			isa = XCVersionGroup;
			children = (
				4FD7CDF31E4E58A4006F142A /* s05DreamLister.xcdatamodel */,
			);
			currentVersion = 4FD7CDF31E4E58A4006F142A /* s05DreamLister.xcdatamodel */;
			path = s05DreamLister.xcdatamodeld;
			sourceTree = "<group>";
			versionGroupType = wrapper.xcdatamodel;
		};
/* End XCVersionGroup section */
	};
	rootObject = 4FD7CDE01E4E58A4006F142A /* Project object */;
}
